
Microsoft Visual Studio Solution File, Format Version 12.00
# Visual Studio Version 17
VisualStudioVersion = 17.10.35122.118
MinimumVisualStudioVersion = 10.0.40219.1
Project("{FAE04EC0-301F-11D3-BF4B-00C04F79EFBC}") = "X86Codec", "X86Codec\X86Codec.csproj", "{BD1B05D2-429D-4080-BDDF-981C0F78A192}"
EndProject
Project("{FAE04EC0-301F-11D3-BF4B-00C04F79EFBC}") = "Disassembler", "Disassembler\Disassembler.csproj", "{FE4ABC64-1873-4E7D-B930-D50D2E948E1E}"
EndProject
Project("{FAE04EC0-301F-11D3-BF4B-00C04F79EFBC}") = "WpfDebugger", "WpfDebugger\WpfDebugger.csproj", "{03ED8F73-C521-4114-A1A0-5C3C09FABFD6}"
EndProject
Project("{FAE04EC0-301F-11D3-BF4B-00C04F79EFBC}") = "FileFormats", "FileFormats\FileFormats.csproj", "{536C6FE2-6F7B-4FCA-8E56-47B6BE7F9ECD}"
EndProject
Project("{F184B08F-C81C-45F6-A57F-5ABD9991F28F}") = "Tester", "Tester\Tester.vbproj", "{2762AA4E-02CE-4B32-B172-F52D754C013C}"
EndProject
Global
	GlobalSection(SolutionConfigurationPlatforms) = preSolution
		Debug|Any CPU = Debug|Any CPU
		Debug|Mixed Platforms = Debug|Mixed Platforms
		Debug|x64 = Debug|x64
		Debug|x86 = Debug|x86
		Release|Any CPU = Release|Any CPU
		Release|Mixed Platforms = Release|Mixed Platforms
		Release|x64 = Release|x64
		Release|x86 = Release|x86
	EndGlobalSection
	GlobalSection(ProjectConfigurationPlatforms) = postSolution
		{BD1B05D2-429D-4080-BDDF-981C0F78A192}.Debug|Any CPU.ActiveCfg = Debug|Any CPU
		{BD1B05D2-429D-4080-BDDF-981C0F78A192}.Debug|Any CPU.Build.0 = Debug|Any CPU
		{BD1B05D2-429D-4080-BDDF-981C0F78A192}.Debug|Mixed Platforms.ActiveCfg = Debug|x86
		{BD1B05D2-429D-4080-BDDF-981C0F78A192}.Debug|Mixed Platforms.Build.0 = Debug|x86
		{BD1B05D2-429D-4080-BDDF-981C0F78A192}.Debug|x64.ActiveCfg = Debug|x64
		{BD1B05D2-429D-4080-BDDF-981C0F78A192}.Debug|x64.Build.0 = Debug|x64
		{BD1B05D2-429D-4080-BDDF-981C0F78A192}.Debug|x86.ActiveCfg = Debug|x86
		{BD1B05D2-429D-4080-BDDF-981C0F78A192}.Debug|x86.Build.0 = Debug|x86
		{BD1B05D2-429D-4080-BDDF-981C0F78A192}.Release|Any CPU.ActiveCfg = Release|Any CPU
		{BD1B05D2-429D-4080-BDDF-981C0F78A192}.Release|Any CPU.Build.0 = Release|Any CPU
		{BD1B05D2-429D-4080-BDDF-981C0F78A192}.Release|Mixed Platforms.ActiveCfg = Release|x86
		{BD1B05D2-429D-4080-BDDF-981C0F78A192}.Release|Mixed Platforms.Build.0 = Release|x86
		{BD1B05D2-429D-4080-BDDF-981C0F78A192}.Release|x64.ActiveCfg = Release|x64
		{BD1B05D2-429D-4080-BDDF-981C0F78A192}.Release|x64.Build.0 = Release|x64
		{BD1B05D2-429D-4080-BDDF-981C0F78A192}.Release|x86.ActiveCfg = Release|x86
		{BD1B05D2-429D-4080-BDDF-981C0F78A192}.Release|x86.Build.0 = Release|x86
		{FE4ABC64-1873-4E7D-B930-D50D2E948E1E}.Debug|Any CPU.ActiveCfg = Debug|Any CPU
		{FE4ABC64-1873-4E7D-B930-D50D2E948E1E}.Debug|Any CPU.Build.0 = Debug|Any CPU
		{FE4ABC64-1873-4E7D-B930-D50D2E948E1E}.Debug|Mixed Platforms.ActiveCfg = Debug|x86
		{FE4ABC64-1873-4E7D-B930-D50D2E948E1E}.Debug|Mixed Platforms.Build.0 = Debug|x86
		{FE4ABC64-1873-4E7D-B930-D50D2E948E1E}.Debug|x64.ActiveCfg = Debug|x64
		{FE4ABC64-1873-4E7D-B930-D50D2E948E1E}.Debug|x64.Build.0 = Debug|x64
		{FE4ABC64-1873-4E7D-B930-D50D2E948E1E}.Debug|x86.ActiveCfg = Debug|x86
		{FE4ABC64-1873-4E7D-B930-D50D2E948E1E}.Debug|x86.Build.0 = Debug|x86
		{FE4ABC64-1873-4E7D-B930-D50D2E948E1E}.Release|Any CPU.ActiveCfg = Release|Any CPU
		{FE4ABC64-1873-4E7D-B930-D50D2E948E1E}.Release|Any CPU.Build.0 = Release|Any CPU
		{FE4ABC64-1873-4E7D-B930-D50D2E948E1E}.Release|Mixed Platforms.ActiveCfg = Release|x86
		{FE4ABC64-1873-4E7D-B930-D50D2E948E1E}.Release|Mixed Platforms.Build.0 = Release|x86
		{FE4ABC64-1873-4E7D-B930-D50D2E948E1E}.Release|x64.ActiveCfg = Release|x64
		{FE4ABC64-1873-4E7D-B930-D50D2E948E1E}.Release|x64.Build.0 = Release|x64
		{FE4ABC64-1873-4E7D-B930-D50D2E948E1E}.Release|x86.ActiveCfg = Release|x86
		{FE4ABC64-1873-4E7D-B930-D50D2E948E1E}.Release|x86.Build.0 = Release|x86
		{03ED8F73-C521-4114-A1A0-5C3C09FABFD6}.Debug|Any CPU.ActiveCfg = Debug|Any CPU
		{03ED8F73-C521-4114-A1A0-5C3C09FABFD6}.Debug|Any CPU.Build.0 = Debug|Any CPU
		{03ED8F73-C521-4114-A1A0-5C3C09FABFD6}.Debug|Mixed Platforms.ActiveCfg = Debug|x86
		{03ED8F73-C521-4114-A1A0-5C3C09FABFD6}.Debug|Mixed Platforms.Build.0 = Debug|x86
		{03ED8F73-C521-4114-A1A0-5C3C09FABFD6}.Debug|x64.ActiveCfg = Debug|Any CPU
		{03ED8F73-C521-4114-A1A0-5C3C09FABFD6}.Debug|x86.ActiveCfg = Debug|x86
		{03ED8F73-C521-4114-A1A0-5C3C09FABFD6}.Debug|x86.Build.0 = Debug|x86
		{03ED8F73-C521-4114-A1A0-5C3C09FABFD6}.Release|Any CPU.ActiveCfg = Release|Any CPU
		{03ED8F73-C521-4114-A1A0-5C3C09FABFD6}.Release|Any CPU.Build.0 = Release|Any CPU
		{03ED8F73-C521-4114-A1A0-5C3C09FABFD6}.Release|Mixed Platforms.ActiveCfg = Release|x86
		{03ED8F73-C521-4114-A1A0-5C3C09FABFD6}.Release|Mixed Platforms.Build.0 = Release|x86
		{03ED8F73-C521-4114-A1A0-5C3C09FABFD6}.Release|x64.ActiveCfg = Release|Any CPU
		{03ED8F73-C521-4114-A1A0-5C3C09FABFD6}.Release|x86.ActiveCfg = Release|x86
		{03ED8F73-C521-4114-A1A0-5C3C09FABFD6}.Release|x86.Build.0 = Release|x86
		{536C6FE2-6F7B-4FCA-8E56-47B6BE7F9ECD}.Debug|Any CPU.ActiveCfg = Debug|Any CPU
		{536C6FE2-6F7B-4FCA-8E56-47B6BE7F9ECD}.Debug|Any CPU.Build.0 = Debug|Any CPU
		{536C6FE2-6F7B-4FCA-8E56-47B6BE7F9ECD}.Debug|Mixed Platforms.ActiveCfg = Debug|Any CPU
		{536C6FE2-6F7B-4FCA-8E56-47B6BE7F9ECD}.Debug|Mixed Platforms.Build.0 = Debug|Any CPU
		{536C6FE2-6F7B-4FCA-8E56-47B6BE7F9ECD}.Debug|x64.ActiveCfg = Debug|Any CPU
		{536C6FE2-6F7B-4FCA-8E56-47B6BE7F9ECD}.Debug|x86.ActiveCfg = Debug|x86
		{536C6FE2-6F7B-4FCA-8E56-47B6BE7F9ECD}.Debug|x86.Build.0 = Debug|x86
		{536C6FE2-6F7B-4FCA-8E56-47B6BE7F9ECD}.Release|Any CPU.ActiveCfg = Release|Any CPU
		{536C6FE2-6F7B-4FCA-8E56-47B6BE7F9ECD}.Release|Any CPU.Build.0 = Release|Any CPU
		{536C6FE2-6F7B-4FCA-8E56-47B6BE7F9ECD}.Release|Mixed Platforms.ActiveCfg = Release|Any CPU
		{536C6FE2-6F7B-4FCA-8E56-47B6BE7F9ECD}.Release|Mixed Platforms.Build.0 = Release|Any CPU
		{536C6FE2-6F7B-4FCA-8E56-47B6BE7F9ECD}.Release|x64.ActiveCfg = Release|Any CPU
		{536C6FE2-6F7B-4FCA-8E56-47B6BE7F9ECD}.Release|x86.ActiveCfg = Release|x86
		{536C6FE2-6F7B-4FCA-8E56-47B6BE7F9ECD}.Release|x86.Build.0 = Release|x86
		{2762AA4E-02CE-4B32-B172-F52D754C013C}.Debug|Any CPU.ActiveCfg = Debug|Any CPU
		{2762AA4E-02CE-4B32-B172-F52D754C013C}.Debug|Any CPU.Build.0 = Debug|Any CPU
		{2762AA4E-02CE-4B32-B172-F52D754C013C}.Debug|Mixed Platforms.ActiveCfg = Debug|Any CPU
		{2762AA4E-02CE-4B32-B172-F52D754C013C}.Debug|Mixed Platforms.Build.0 = Debug|Any CPU
		{2762AA4E-02CE-4B32-B172-F52D754C013C}.Debug|x64.ActiveCfg = Debug|Any CPU
		{2762AA4E-02CE-4B32-B172-F52D754C013C}.Debug|x86.ActiveCfg = Debug|x86
		{2762AA4E-02CE-4B32-B172-F52D754C013C}.Debug|x86.Build.0 = Debug|x86
		{2762AA4E-02CE-4B32-B172-F52D754C013C}.Release|Any CPU.ActiveCfg = Release|Any CPU
		{2762AA4E-02CE-4B32-B172-F52D754C013C}.Release|Any CPU.Build.0 = Release|Any CPU
		{2762AA4E-02CE-4B32-B172-F52D754C013C}.Release|Mixed Platforms.ActiveCfg = Release|Any CPU
		{2762AA4E-02CE-4B32-B172-F52D754C013C}.Release|Mixed Platforms.Build.0 = Release|Any CPU
		{2762AA4E-02CE-4B32-B172-F52D754C013C}.Release|x64.ActiveCfg = Release|Any CPU
		{2762AA4E-02CE-4B32-B172-F52D754C013C}.Release|x86.ActiveCfg = Release|Any CPU
	EndGlobalSection
	GlobalSection(SolutionProperties) = preSolution
		HideSolutionNode = FALSE
	EndGlobalSection
EndGlobal
